github.com/copartner6412/input/validate v0.0.0-20240911123358-983d80b29b0c h1:smDK9yH8eMahkq69MAeTP+b4p6JoVINePHfbPY3ZDds=
github.com/copartner6412/input/validate v0.0.0-20240911123358-983d80b29b0c/go.mod h1:W3L5j0nhXbwAy0xobFdlbftUmcrUTl1wkKYaeeuMRiU=
golang.org/x/text v0.18.0 h1:XvMDiNzPAl0jr17s6W9lcaIhGUfUORdGCNsuLmPG224=
golang.org/x/text v0.18.0/go.mod h1:BuEKDfySbSR4drPmRPG/7iBdf8hvFMuRexcpahXilzY=
