github.com/copartner6412/input/validate v0.0.0-20240919193757-6c855e0158e9 h1:IVYSwg+MbXyUlDdJLaJGi15R7QML4ybkvhybINXCRpM=
github.com/copartner6412/input/validate v0.0.0-20240919193757-6c855e0158e9/go.mod h1:8AL4saqTa6TbGchlMe7lf48K/VCu+4j/WyHiUwRyzks=
github.com/copartner6412/input/validate v0.0.0-20240920155529-8736698d66e0 h1:YKWZ/d1NtVV0o/8tec2dEiWzjmofTKV6DDVtc9gZJUY=
github.com/copartner6412/input/validate v0.0.0-20240920155529-8736698d66e0/go.mod h1:8AL4saqTa6TbGchlMe7lf48K/VCu+4j/WyHiUwRyzks=
